
Microsoft Visual Studio Solution File, Format Version 12.00
# Visual Studio Version 17
VisualStudioVersion = 17.10.35122.118
MinimumVisualStudioVersion = 10.0.40219.1
Project("{FAE04EC0-301F-11D3-BF4B-00C04F79EFBC}") = "Solutionizer", "Solutionizer\Solutionizer.csproj", "{37B13B87-AE95-4F2E-B99E-699FA5A1D8A3}"
EndProject
Project("{FAE04EC0-301F-11D3-BF4B-00C04F79EFBC}") = "Solutionizer.Agents", "Solutionizer.Agents\Solutionizer.Agents.csproj", "{809C965B-63EF-4305-83C6-E9A6D29DC38B}"
EndProject
Global
	GlobalSection(SolutionConfigurationPlatforms) = preSolution
		Debug|Any CPU = Debug|Any CPU
		Release|Any CPU = Release|Any CPU
	EndGlobalSection
	GlobalSection(ProjectConfigurationPlatforms) = postSolution
		{37B13B87-AE95-4F2E-B99E-699FA5A1D8A3}.Debug|Any CPU.ActiveCfg = Debug|Any CPU
		{37B13B87-AE95-4F2E-B99E-699FA5A1D8A3}.Debug|Any CPU.Build.0 = Debug|Any CPU
		{37B13B87-AE95-4F2E-B99E-699FA5A1D8A3}.Release|Any CPU.ActiveCfg = Release|Any CPU
		{37B13B87-AE95-4F2E-B99E-699FA5A1D8A3}.Release|Any CPU.Build.0 = Release|Any CPU
		{809C965B-63EF-4305-83C6-E9A6D29DC38B}.Debug|Any CPU.ActiveCfg = Debug|Any CPU
		{809C965B-63EF-4305-83C6-E9A6D29DC38B}.Debug|Any CPU.Build.0 = Debug|Any CPU
		{809C965B-63EF-4305-83C6-E9A6D29DC38B}.Release|Any CPU.ActiveCfg = Release|Any CPU
		{809C965B-63EF-4305-83C6-E9A6D29DC38B}.Release|Any CPU.Build.0 = Release|Any CPU
	EndGlobalSection
	GlobalSection(SolutionProperties) = preSolution
		HideSolutionNode = FALSE
	EndGlobalSection
	GlobalSection(ExtensibilityGlobals) = postSolution
		SolutionGuid = {3211ADDD-63B7-442D-8244-9758153E75B5}
	EndGlobalSection
EndGlobal
