
Microsoft Visual Studio Solution File, Format Version 12.00
# Visual Studio Version 16
VisualStudioVersion = 16.0.28729.10
MinimumVisualStudioVersion = 15.0.26124.0
Project("{9A19103F-16F7-4668-BE54-9A1E7A4F7556}") = "NonToxic.Model", "NonToxic.Model\NonToxic.Model.csproj", "{8DB8E93D-8A9F-4321-AC07-EDBECCDA1921}"
EndProject
Project("{9A19103F-16F7-4668-BE54-9A1E7A4F7556}") = "NonToxic.Console", "NonToxic.ConsoleApp\NonToxic.Console.csproj", "{B3543029-A94D-44BF-A2B2-B07D9C246A2C}"
EndProject
Project("{9A19103F-16F7-4668-BE54-9A1E7A4F7556}") = "NonToxic.Web", "NonToxic.Web\NonToxic.Web.csproj", "{44ED10CF-1627-4BC7-8752-98D67E478DDA}"
EndProject
Global
	GlobalSection(SolutionConfigurationPlatforms) = preSolution
		Debug|Any CPU = Debug|Any CPU
		Debug|x64 = Debug|x64
		Debug|x86 = Debug|x86
		Release|Any CPU = Release|Any CPU
		Release|x64 = Release|x64
		Release|x86 = Release|x86
	EndGlobalSection
	GlobalSection(ProjectConfigurationPlatforms) = postSolution
		{8DB8E93D-8A9F-4321-AC07-EDBECCDA1921}.Debug|Any CPU.ActiveCfg = Debug|Any CPU
		{8DB8E93D-8A9F-4321-AC07-EDBECCDA1921}.Debug|Any CPU.Build.0 = Debug|Any CPU
		{8DB8E93D-8A9F-4321-AC07-EDBECCDA1921}.Debug|x64.ActiveCfg = Debug|Any CPU
		{8DB8E93D-8A9F-4321-AC07-EDBECCDA1921}.Debug|x64.Build.0 = Debug|Any CPU
		{8DB8E93D-8A9F-4321-AC07-EDBECCDA1921}.Debug|x86.ActiveCfg = Debug|Any CPU
		{8DB8E93D-8A9F-4321-AC07-EDBECCDA1921}.Debug|x86.Build.0 = Debug|Any CPU
		{8DB8E93D-8A9F-4321-AC07-EDBECCDA1921}.Release|Any CPU.ActiveCfg = Release|Any CPU
		{8DB8E93D-8A9F-4321-AC07-EDBECCDA1921}.Release|Any CPU.Build.0 = Release|Any CPU
		{8DB8E93D-8A9F-4321-AC07-EDBECCDA1921}.Release|x64.ActiveCfg = Release|Any CPU
		{8DB8E93D-8A9F-4321-AC07-EDBECCDA1921}.Release|x64.Build.0 = Release|Any CPU
		{8DB8E93D-8A9F-4321-AC07-EDBECCDA1921}.Release|x86.ActiveCfg = Release|Any CPU
		{8DB8E93D-8A9F-4321-AC07-EDBECCDA1921}.Release|x86.Build.0 = Release|Any CPU
		{B3543029-A94D-44BF-A2B2-B07D9C246A2C}.Debug|Any CPU.ActiveCfg = Debug|Any CPU
		{B3543029-A94D-44BF-A2B2-B07D9C246A2C}.Debug|Any CPU.Build.0 = Debug|Any CPU
		{B3543029-A94D-44BF-A2B2-B07D9C246A2C}.Debug|x64.ActiveCfg = Debug|Any CPU
		{B3543029-A94D-44BF-A2B2-B07D9C246A2C}.Debug|x64.Build.0 = Debug|Any CPU
		{B3543029-A94D-44BF-A2B2-B07D9C246A2C}.Debug|x86.ActiveCfg = Debug|Any CPU
		{B3543029-A94D-44BF-A2B2-B07D9C246A2C}.Debug|x86.Build.0 = Debug|Any CPU
		{B3543029-A94D-44BF-A2B2-B07D9C246A2C}.Release|Any CPU.ActiveCfg = Release|Any CPU
		{B3543029-A94D-44BF-A2B2-B07D9C246A2C}.Release|Any CPU.Build.0 = Release|Any CPU
		{B3543029-A94D-44BF-A2B2-B07D9C246A2C}.Release|x64.ActiveCfg = Release|Any CPU
		{B3543029-A94D-44BF-A2B2-B07D9C246A2C}.Release|x64.Build.0 = Release|Any CPU
		{B3543029-A94D-44BF-A2B2-B07D9C246A2C}.Release|x86.ActiveCfg = Release|Any CPU
		{B3543029-A94D-44BF-A2B2-B07D9C246A2C}.Release|x86.Build.0 = Release|Any CPU
		{44ED10CF-1627-4BC7-8752-98D67E478DDA}.Debug|Any CPU.ActiveCfg = Debug|Any CPU
		{44ED10CF-1627-4BC7-8752-98D67E478DDA}.Debug|Any CPU.Build.0 = Debug|Any CPU
		{44ED10CF-1627-4BC7-8752-98D67E478DDA}.Debug|x64.ActiveCfg = Debug|Any CPU
		{44ED10CF-1627-4BC7-8752-98D67E478DDA}.Debug|x64.Build.0 = Debug|Any CPU
		{44ED10CF-1627-4BC7-8752-98D67E478DDA}.Debug|x86.ActiveCfg = Debug|Any CPU
		{44ED10CF-1627-4BC7-8752-98D67E478DDA}.Debug|x86.Build.0 = Debug|Any CPU
		{44ED10CF-1627-4BC7-8752-98D67E478DDA}.Release|Any CPU.ActiveCfg = Release|Any CPU
		{44ED10CF-1627-4BC7-8752-98D67E478DDA}.Release|Any CPU.Build.0 = Release|Any CPU
		{44ED10CF-1627-4BC7-8752-98D67E478DDA}.Release|x64.ActiveCfg = Release|Any CPU
		{44ED10CF-1627-4BC7-8752-98D67E478DDA}.Release|x64.Build.0 = Release|Any CPU
		{44ED10CF-1627-4BC7-8752-98D67E478DDA}.Release|x86.ActiveCfg = Release|Any CPU
		{44ED10CF-1627-4BC7-8752-98D67E478DDA}.Release|x86.Build.0 = Release|Any CPU
	EndGlobalSection
	GlobalSection(SolutionProperties) = preSolution
		HideSolutionNode = FALSE
	EndGlobalSection
	GlobalSection(ExtensibilityGlobals) = postSolution
		SolutionGuid = {89A75C8E-0E9F-4B81-9822-E93062694324}
	EndGlobalSection
EndGlobal
