
Microsoft Visual Studio Solution File, Format Version 12.00
# Visual Studio Version 17
VisualStudioVersion = 17.11.35208.52
MinimumVisualStudioVersion = 10.0.40219.1
Project("{9A19103F-16F7-4668-BE54-9A1E7A4F7556}") = "Beary.Data.AzureAISearch", "Beary.Data.AzureAISearch\Beary.Data.AzureAISearch.csproj", "{148F4483-388C-4100-8288-9503A5FF203E}"
EndProject
Project("{9A19103F-16F7-4668-BE54-9A1E7A4F7556}") = "Beary", "Beary\Beary.csproj", "{D70E743F-B673-4F0E-8981-6E79087D1A81}"
EndProject
Project("{2150E333-8FDC-42A3-9474-1A3956D46DE8}") = "src", "src", "{5B2E858F-2E75-4841-AD3F-CB95FD0E720D}"
EndProject
Project("{2150E333-8FDC-42A3-9474-1A3956D46DE8}") = "tst", "tst", "{EB9AE411-2975-452D-B953-C14FF2475823}"
EndProject
Project("{9A19103F-16F7-4668-BE54-9A1E7A4F7556}") = "Beary.Data.AzureAISearch.Test", "Beary.Data.AzureAISearch.Test\Beary.Data.AzureAISearch.Test.csproj", "{99BE1A68-A784-4E3B-86C0-9169087AD7F9}"
EndProject
Project("{9A19103F-16F7-4668-BE54-9A1E7A4F7556}") = "Beary.Data", "Beary.Data\Beary.Data.csproj", "{2374B809-EF7A-46CE-8DEB-A78E4AF0B8C2}"
EndProject
Project("{9A19103F-16F7-4668-BE54-9A1E7A4F7556}") = "Beary.Data.Test", "Beary.Data.Test\Beary.Data.Test.csproj", "{ADCA19C6-0C7E-4ABC-AD14-220C6ADC7697}"
EndProject
Project("{2150E333-8FDC-42A3-9474-1A3956D46DE8}") = "Tools", "Tools", "{3E2B637F-E0F6-4839-B592-B45874C92F3A}"
EndProject
Project("{9A19103F-16F7-4668-BE54-9A1E7A4F7556}") = "Bimp", "Bimp\Bimp.csproj", "{47A18EBA-9233-478A-896A-B694555C1785}"
EndProject
Project("{9A19103F-16F7-4668-BE54-9A1E7A4F7556}") = "AskBeary", "AskBeary\AskBeary.csproj", "{D0C6A766-138E-4315-A328-89D97A4A51B3}"
EndProject
Project("{9A19103F-16F7-4668-BE54-9A1E7A4F7556}") = "Beary.Embeddings.LocalServer", "Beary.Embeddings.LocalServer\Beary.Embeddings.LocalServer.csproj", "{A783D182-2ACB-4E54-AB91-47EA5F0AF223}"
EndProject
Project("{9A19103F-16F7-4668-BE54-9A1E7A4F7556}") = "Beary.Chat", "Beary.Chat\Beary.Chat.csproj", "{9ADA46AC-25F1-4FDB-927E-087E395242BD}"
EndProject
Project("{9A19103F-16F7-4668-BE54-9A1E7A4F7556}") = "Beary.Chat.AzureGpt", "Beary.Chat.AzureGpt\Beary.Chat.AzureGpt.csproj", "{C1ECD48D-3545-460E-93F8-92ABA98EE166}"
EndProject
Project("{9A19103F-16F7-4668-BE54-9A1E7A4F7556}") = "Cluster", "Cluster\Cluster.csproj", "{44AA87FD-36B7-4660-A310-633030158867}"
EndProject
Project("{FAE04EC0-301F-11D3-BF4B-00C04F79EFBC}") = "Bimp.Test", "Bimp.Test\Bimp.Test.csproj", "{1537C098-19D6-4159-9956-48D4EC33C745}"
EndProject
Global
	GlobalSection(SolutionConfigurationPlatforms) = preSolution
		Debug|Any CPU = Debug|Any CPU
		Release|Any CPU = Release|Any CPU
	EndGlobalSection
	GlobalSection(ProjectConfigurationPlatforms) = postSolution
		{148F4483-388C-4100-8288-9503A5FF203E}.Debug|Any CPU.ActiveCfg = Debug|Any CPU
		{148F4483-388C-4100-8288-9503A5FF203E}.Debug|Any CPU.Build.0 = Debug|Any CPU
		{148F4483-388C-4100-8288-9503A5FF203E}.Release|Any CPU.ActiveCfg = Release|Any CPU
		{148F4483-388C-4100-8288-9503A5FF203E}.Release|Any CPU.Build.0 = Release|Any CPU
		{D70E743F-B673-4F0E-8981-6E79087D1A81}.Debug|Any CPU.ActiveCfg = Debug|Any CPU
		{D70E743F-B673-4F0E-8981-6E79087D1A81}.Debug|Any CPU.Build.0 = Debug|Any CPU
		{D70E743F-B673-4F0E-8981-6E79087D1A81}.Release|Any CPU.ActiveCfg = Release|Any CPU
		{D70E743F-B673-4F0E-8981-6E79087D1A81}.Release|Any CPU.Build.0 = Release|Any CPU
		{99BE1A68-A784-4E3B-86C0-9169087AD7F9}.Debug|Any CPU.ActiveCfg = Debug|Any CPU
		{99BE1A68-A784-4E3B-86C0-9169087AD7F9}.Debug|Any CPU.Build.0 = Debug|Any CPU
		{99BE1A68-A784-4E3B-86C0-9169087AD7F9}.Release|Any CPU.ActiveCfg = Release|Any CPU
		{99BE1A68-A784-4E3B-86C0-9169087AD7F9}.Release|Any CPU.Build.0 = Release|Any CPU
		{2374B809-EF7A-46CE-8DEB-A78E4AF0B8C2}.Debug|Any CPU.ActiveCfg = Debug|Any CPU
		{2374B809-EF7A-46CE-8DEB-A78E4AF0B8C2}.Debug|Any CPU.Build.0 = Debug|Any CPU
		{2374B809-EF7A-46CE-8DEB-A78E4AF0B8C2}.Release|Any CPU.ActiveCfg = Release|Any CPU
		{2374B809-EF7A-46CE-8DEB-A78E4AF0B8C2}.Release|Any CPU.Build.0 = Release|Any CPU
		{ADCA19C6-0C7E-4ABC-AD14-220C6ADC7697}.Debug|Any CPU.ActiveCfg = Debug|Any CPU
		{ADCA19C6-0C7E-4ABC-AD14-220C6ADC7697}.Debug|Any CPU.Build.0 = Debug|Any CPU
		{ADCA19C6-0C7E-4ABC-AD14-220C6ADC7697}.Release|Any CPU.ActiveCfg = Release|Any CPU
		{ADCA19C6-0C7E-4ABC-AD14-220C6ADC7697}.Release|Any CPU.Build.0 = Release|Any CPU
		{47A18EBA-9233-478A-896A-B694555C1785}.Debug|Any CPU.ActiveCfg = Debug|Any CPU
		{47A18EBA-9233-478A-896A-B694555C1785}.Debug|Any CPU.Build.0 = Debug|Any CPU
		{47A18EBA-9233-478A-896A-B694555C1785}.Release|Any CPU.ActiveCfg = Release|Any CPU
		{47A18EBA-9233-478A-896A-B694555C1785}.Release|Any CPU.Build.0 = Release|Any CPU
		{D0C6A766-138E-4315-A328-89D97A4A51B3}.Debug|Any CPU.ActiveCfg = Debug|Any CPU
		{D0C6A766-138E-4315-A328-89D97A4A51B3}.Debug|Any CPU.Build.0 = Debug|Any CPU
		{D0C6A766-138E-4315-A328-89D97A4A51B3}.Release|Any CPU.ActiveCfg = Release|Any CPU
		{D0C6A766-138E-4315-A328-89D97A4A51B3}.Release|Any CPU.Build.0 = Release|Any CPU
		{A783D182-2ACB-4E54-AB91-47EA5F0AF223}.Debug|Any CPU.ActiveCfg = Debug|Any CPU
		{A783D182-2ACB-4E54-AB91-47EA5F0AF223}.Debug|Any CPU.Build.0 = Debug|Any CPU
		{A783D182-2ACB-4E54-AB91-47EA5F0AF223}.Release|Any CPU.ActiveCfg = Release|Any CPU
		{A783D182-2ACB-4E54-AB91-47EA5F0AF223}.Release|Any CPU.Build.0 = Release|Any CPU
		{9ADA46AC-25F1-4FDB-927E-087E395242BD}.Debug|Any CPU.ActiveCfg = Debug|Any CPU
		{9ADA46AC-25F1-4FDB-927E-087E395242BD}.Debug|Any CPU.Build.0 = Debug|Any CPU
		{9ADA46AC-25F1-4FDB-927E-087E395242BD}.Release|Any CPU.ActiveCfg = Release|Any CPU
		{9ADA46AC-25F1-4FDB-927E-087E395242BD}.Release|Any CPU.Build.0 = Release|Any CPU
		{C1ECD48D-3545-460E-93F8-92ABA98EE166}.Debug|Any CPU.ActiveCfg = Debug|Any CPU
		{C1ECD48D-3545-460E-93F8-92ABA98EE166}.Debug|Any CPU.Build.0 = Debug|Any CPU
		{C1ECD48D-3545-460E-93F8-92ABA98EE166}.Release|Any CPU.ActiveCfg = Release|Any CPU
		{C1ECD48D-3545-460E-93F8-92ABA98EE166}.Release|Any CPU.Build.0 = Release|Any CPU
		{44AA87FD-36B7-4660-A310-633030158867}.Debug|Any CPU.ActiveCfg = Debug|Any CPU
		{44AA87FD-36B7-4660-A310-633030158867}.Debug|Any CPU.Build.0 = Debug|Any CPU
		{44AA87FD-36B7-4660-A310-633030158867}.Release|Any CPU.ActiveCfg = Release|Any CPU
		{44AA87FD-36B7-4660-A310-633030158867}.Release|Any CPU.Build.0 = Release|Any CPU
		{1537C098-19D6-4159-9956-48D4EC33C745}.Debug|Any CPU.ActiveCfg = Debug|Any CPU
		{1537C098-19D6-4159-9956-48D4EC33C745}.Debug|Any CPU.Build.0 = Debug|Any CPU
		{1537C098-19D6-4159-9956-48D4EC33C745}.Release|Any CPU.ActiveCfg = Release|Any CPU
		{1537C098-19D6-4159-9956-48D4EC33C745}.Release|Any CPU.Build.0 = Release|Any CPU
	EndGlobalSection
	GlobalSection(SolutionProperties) = preSolution
		HideSolutionNode = FALSE
	EndGlobalSection
	GlobalSection(NestedProjects) = preSolution
		{148F4483-388C-4100-8288-9503A5FF203E} = {5B2E858F-2E75-4841-AD3F-CB95FD0E720D}
		{D70E743F-B673-4F0E-8981-6E79087D1A81} = {5B2E858F-2E75-4841-AD3F-CB95FD0E720D}
		{99BE1A68-A784-4E3B-86C0-9169087AD7F9} = {EB9AE411-2975-452D-B953-C14FF2475823}
		{2374B809-EF7A-46CE-8DEB-A78E4AF0B8C2} = {5B2E858F-2E75-4841-AD3F-CB95FD0E720D}
		{ADCA19C6-0C7E-4ABC-AD14-220C6ADC7697} = {EB9AE411-2975-452D-B953-C14FF2475823}
		{47A18EBA-9233-478A-896A-B694555C1785} = {3E2B637F-E0F6-4839-B592-B45874C92F3A}
		{D0C6A766-138E-4315-A328-89D97A4A51B3} = {3E2B637F-E0F6-4839-B592-B45874C92F3A}
		{A783D182-2ACB-4E54-AB91-47EA5F0AF223} = {5B2E858F-2E75-4841-AD3F-CB95FD0E720D}
		{9ADA46AC-25F1-4FDB-927E-087E395242BD} = {5B2E858F-2E75-4841-AD3F-CB95FD0E720D}
		{C1ECD48D-3545-460E-93F8-92ABA98EE166} = {5B2E858F-2E75-4841-AD3F-CB95FD0E720D}
		{44AA87FD-36B7-4660-A310-633030158867} = {3E2B637F-E0F6-4839-B592-B45874C92F3A}
		{1537C098-19D6-4159-9956-48D4EC33C745} = {EB9AE411-2975-452D-B953-C14FF2475823}
	EndGlobalSection
	GlobalSection(ExtensibilityGlobals) = postSolution
		SolutionGuid = {3C25F8F2-81A5-4EBA-BC93-2AFC31261121}
	EndGlobalSection
EndGlobal
