
Microsoft Visual Studio Solution File, Format Version 12.00
# Visual Studio Version 17
VisualStudioVersion = 17.11.35208.52
MinimumVisualStudioVersion = 10.0.40219.1
Project("{9A19103F-16F7-4668-BE54-9A1E7A4F7556}") = "Beary.Data.AzureAISearch", "Beary.Data.AzureAISearch\Beary.Data.AzureAISearch.csproj", "{148F4483-388C-4100-8288-9503A5FF203E}"
EndProject
Project("{9A19103F-16F7-4668-BE54-9A1E7A4F7556}") = "Beary", "Beary\Beary.csproj", "{D70E743F-B673-4F0E-8981-6E79087D1A81}"
EndProject
Project("{2150E333-8FDC-42A3-9474-1A3956D46DE8}") = "03 - Infrastructure", "03 - Infrastructure", "{5B2E858F-2E75-4841-AD3F-CB95FD0E720D}"
EndProject
Project("{2150E333-8FDC-42A3-9474-1A3956D46DE8}") = "tst", "tst", "{EB9AE411-2975-452D-B953-C14FF2475823}"
EndProject
Project("{2150E333-8FDC-42A3-9474-1A3956D46DE8}") = "Tools", "Tools", "{3E2B637F-E0F6-4839-B592-B45874C92F3A}"
EndProject
Project("{9A19103F-16F7-4668-BE54-9A1E7A4F7556}") = "Bimp", "Bimp\Bimp.csproj", "{47A18EBA-9233-478A-896A-B694555C1785}"
EndProject
Project("{9A19103F-16F7-4668-BE54-9A1E7A4F7556}") = "AskBeary", "AskBeary\AskBeary.csproj", "{D0C6A766-138E-4315-A328-89D97A4A51B3}"
EndProject
Project("{9A19103F-16F7-4668-BE54-9A1E7A4F7556}") = "Beary.Embeddings.LocalServer", "Beary.Embeddings.LocalServer\Beary.Embeddings.LocalServer.csproj", "{A783D182-2ACB-4E54-AB91-47EA5F0AF223}"
EndProject
Project("{9A19103F-16F7-4668-BE54-9A1E7A4F7556}") = "Beary.Chat.AzureGpt", "Beary.Chat.AzureGpt\Beary.Chat.AzureGpt.csproj", "{C1ECD48D-3545-460E-93F8-92ABA98EE166}"
EndProject
Project("{9A19103F-16F7-4668-BE54-9A1E7A4F7556}") = "Cluster", "Cluster\Cluster.csproj", "{44AA87FD-36B7-4660-A310-633030158867}"
EndProject
Project("{9A19103F-16F7-4668-BE54-9A1E7A4F7556}") = "Beary.Data.Axioms", "Beary.Data.Axioms\Beary.Data.Axioms.csproj", "{D1352F9F-3FCF-40B8-9F8D-837600312C33}"
EndProject
Project("{9A19103F-16F7-4668-BE54-9A1E7A4F7556}") = "Search", "Search\Search.csproj", "{416DBD89-4CEB-4D55-8836-14844AA2D925}"
EndProject
Project("{9A19103F-16F7-4668-BE54-9A1E7A4F7556}") = "KNN", "KNN\KNN.csproj", "{243C40D6-C0C5-4FD2-B3EF-85A224A0C6AA}"
EndProject
Project("{2150E333-8FDC-42A3-9474-1A3956D46DE8}") = "01 - Domain", "01 - Domain", "{BED9F270-DAE7-4A14-8354-D16DB6DC2026}"
EndProject
Project("{2150E333-8FDC-42A3-9474-1A3956D46DE8}") = "02 - Application", "02 - Application", "{20CD871D-18E8-4E66-BBED-0A9E76054441}"
EndProject
Project("{9A19103F-16F7-4668-BE54-9A1E7A4F7556}") = "Beary.Articles.FileSystem", "Beary.Articles.FileSystem\Beary.Articles.FileSystem.csproj", "{D0CCEB61-68A4-497E-9500-B4DF10A73538}"
EndProject
Project("{9A19103F-16F7-4668-BE54-9A1E7A4F7556}") = "Beary.Application", "Beary.Application\Beary.Application.csproj", "{C1568FED-0CCE-45F3-AEC4-5643C762F3D5}"
EndProject
Project("{9A19103F-16F7-4668-BE54-9A1E7A4F7556}") = "Beary.Application.Test", "Beary.Application.Test\Beary.Application.Test.csproj", "{5FC14619-9F59-4363-B94A-608E3A65CAA8}"
EndProject
Global
	GlobalSection(SolutionConfigurationPlatforms) = preSolution
		Debug|Any CPU = Debug|Any CPU
		Release|Any CPU = Release|Any CPU
	EndGlobalSection
	GlobalSection(ProjectConfigurationPlatforms) = postSolution
		{148F4483-388C-4100-8288-9503A5FF203E}.Debug|Any CPU.ActiveCfg = Debug|Any CPU
		{148F4483-388C-4100-8288-9503A5FF203E}.Debug|Any CPU.Build.0 = Debug|Any CPU
		{148F4483-388C-4100-8288-9503A5FF203E}.Release|Any CPU.ActiveCfg = Release|Any CPU
		{148F4483-388C-4100-8288-9503A5FF203E}.Release|Any CPU.Build.0 = Release|Any CPU
		{D70E743F-B673-4F0E-8981-6E79087D1A81}.Debug|Any CPU.ActiveCfg = Debug|Any CPU
		{D70E743F-B673-4F0E-8981-6E79087D1A81}.Debug|Any CPU.Build.0 = Debug|Any CPU
		{D70E743F-B673-4F0E-8981-6E79087D1A81}.Release|Any CPU.ActiveCfg = Release|Any CPU
		{D70E743F-B673-4F0E-8981-6E79087D1A81}.Release|Any CPU.Build.0 = Release|Any CPU
		{47A18EBA-9233-478A-896A-B694555C1785}.Debug|Any CPU.ActiveCfg = Debug|Any CPU
		{47A18EBA-9233-478A-896A-B694555C1785}.Debug|Any CPU.Build.0 = Debug|Any CPU
		{47A18EBA-9233-478A-896A-B694555C1785}.Release|Any CPU.ActiveCfg = Release|Any CPU
		{47A18EBA-9233-478A-896A-B694555C1785}.Release|Any CPU.Build.0 = Release|Any CPU
		{D0C6A766-138E-4315-A328-89D97A4A51B3}.Debug|Any CPU.ActiveCfg = Debug|Any CPU
		{D0C6A766-138E-4315-A328-89D97A4A51B3}.Debug|Any CPU.Build.0 = Debug|Any CPU
		{D0C6A766-138E-4315-A328-89D97A4A51B3}.Release|Any CPU.ActiveCfg = Release|Any CPU
		{D0C6A766-138E-4315-A328-89D97A4A51B3}.Release|Any CPU.Build.0 = Release|Any CPU
		{A783D182-2ACB-4E54-AB91-47EA5F0AF223}.Debug|Any CPU.ActiveCfg = Debug|Any CPU
		{A783D182-2ACB-4E54-AB91-47EA5F0AF223}.Debug|Any CPU.Build.0 = Debug|Any CPU
		{A783D182-2ACB-4E54-AB91-47EA5F0AF223}.Release|Any CPU.ActiveCfg = Release|Any CPU
		{A783D182-2ACB-4E54-AB91-47EA5F0AF223}.Release|Any CPU.Build.0 = Release|Any CPU
		{C1ECD48D-3545-460E-93F8-92ABA98EE166}.Debug|Any CPU.ActiveCfg = Debug|Any CPU
		{C1ECD48D-3545-460E-93F8-92ABA98EE166}.Debug|Any CPU.Build.0 = Debug|Any CPU
		{C1ECD48D-3545-460E-93F8-92ABA98EE166}.Release|Any CPU.ActiveCfg = Release|Any CPU
		{C1ECD48D-3545-460E-93F8-92ABA98EE166}.Release|Any CPU.Build.0 = Release|Any CPU
		{44AA87FD-36B7-4660-A310-633030158867}.Debug|Any CPU.ActiveCfg = Debug|Any CPU
		{44AA87FD-36B7-4660-A310-633030158867}.Debug|Any CPU.Build.0 = Debug|Any CPU
		{44AA87FD-36B7-4660-A310-633030158867}.Release|Any CPU.ActiveCfg = Release|Any CPU
		{44AA87FD-36B7-4660-A310-633030158867}.Release|Any CPU.Build.0 = Release|Any CPU
		{D1352F9F-3FCF-40B8-9F8D-837600312C33}.Debug|Any CPU.ActiveCfg = Debug|Any CPU
		{D1352F9F-3FCF-40B8-9F8D-837600312C33}.Debug|Any CPU.Build.0 = Debug|Any CPU
		{D1352F9F-3FCF-40B8-9F8D-837600312C33}.Release|Any CPU.ActiveCfg = Release|Any CPU
		{D1352F9F-3FCF-40B8-9F8D-837600312C33}.Release|Any CPU.Build.0 = Release|Any CPU
		{416DBD89-4CEB-4D55-8836-14844AA2D925}.Debug|Any CPU.ActiveCfg = Debug|Any CPU
		{416DBD89-4CEB-4D55-8836-14844AA2D925}.Debug|Any CPU.Build.0 = Debug|Any CPU
		{416DBD89-4CEB-4D55-8836-14844AA2D925}.Release|Any CPU.ActiveCfg = Release|Any CPU
		{416DBD89-4CEB-4D55-8836-14844AA2D925}.Release|Any CPU.Build.0 = Release|Any CPU
		{243C40D6-C0C5-4FD2-B3EF-85A224A0C6AA}.Debug|Any CPU.ActiveCfg = Debug|Any CPU
		{243C40D6-C0C5-4FD2-B3EF-85A224A0C6AA}.Debug|Any CPU.Build.0 = Debug|Any CPU
		{243C40D6-C0C5-4FD2-B3EF-85A224A0C6AA}.Release|Any CPU.ActiveCfg = Release|Any CPU
		{243C40D6-C0C5-4FD2-B3EF-85A224A0C6AA}.Release|Any CPU.Build.0 = Release|Any CPU
		{D0CCEB61-68A4-497E-9500-B4DF10A73538}.Debug|Any CPU.ActiveCfg = Debug|Any CPU
		{D0CCEB61-68A4-497E-9500-B4DF10A73538}.Debug|Any CPU.Build.0 = Debug|Any CPU
		{D0CCEB61-68A4-497E-9500-B4DF10A73538}.Release|Any CPU.ActiveCfg = Release|Any CPU
		{D0CCEB61-68A4-497E-9500-B4DF10A73538}.Release|Any CPU.Build.0 = Release|Any CPU
		{C1568FED-0CCE-45F3-AEC4-5643C762F3D5}.Debug|Any CPU.ActiveCfg = Debug|Any CPU
		{C1568FED-0CCE-45F3-AEC4-5643C762F3D5}.Debug|Any CPU.Build.0 = Debug|Any CPU
		{C1568FED-0CCE-45F3-AEC4-5643C762F3D5}.Release|Any CPU.ActiveCfg = Release|Any CPU
		{C1568FED-0CCE-45F3-AEC4-5643C762F3D5}.Release|Any CPU.Build.0 = Release|Any CPU
		{5FC14619-9F59-4363-B94A-608E3A65CAA8}.Debug|Any CPU.ActiveCfg = Debug|Any CPU
		{5FC14619-9F59-4363-B94A-608E3A65CAA8}.Debug|Any CPU.Build.0 = Debug|Any CPU
		{5FC14619-9F59-4363-B94A-608E3A65CAA8}.Release|Any CPU.ActiveCfg = Release|Any CPU
		{5FC14619-9F59-4363-B94A-608E3A65CAA8}.Release|Any CPU.Build.0 = Release|Any CPU
	EndGlobalSection
	GlobalSection(SolutionProperties) = preSolution
		HideSolutionNode = FALSE
	EndGlobalSection
	GlobalSection(NestedProjects) = preSolution
		{148F4483-388C-4100-8288-9503A5FF203E} = {5B2E858F-2E75-4841-AD3F-CB95FD0E720D}
		{D70E743F-B673-4F0E-8981-6E79087D1A81} = {BED9F270-DAE7-4A14-8354-D16DB6DC2026}
		{47A18EBA-9233-478A-896A-B694555C1785} = {3E2B637F-E0F6-4839-B592-B45874C92F3A}
		{D0C6A766-138E-4315-A328-89D97A4A51B3} = {3E2B637F-E0F6-4839-B592-B45874C92F3A}
		{A783D182-2ACB-4E54-AB91-47EA5F0AF223} = {5B2E858F-2E75-4841-AD3F-CB95FD0E720D}
		{C1ECD48D-3545-460E-93F8-92ABA98EE166} = {5B2E858F-2E75-4841-AD3F-CB95FD0E720D}
		{44AA87FD-36B7-4660-A310-633030158867} = {3E2B637F-E0F6-4839-B592-B45874C92F3A}
		{D1352F9F-3FCF-40B8-9F8D-837600312C33} = {5B2E858F-2E75-4841-AD3F-CB95FD0E720D}
		{416DBD89-4CEB-4D55-8836-14844AA2D925} = {3E2B637F-E0F6-4839-B592-B45874C92F3A}
		{243C40D6-C0C5-4FD2-B3EF-85A224A0C6AA} = {3E2B637F-E0F6-4839-B592-B45874C92F3A}
		{D0CCEB61-68A4-497E-9500-B4DF10A73538} = {5B2E858F-2E75-4841-AD3F-CB95FD0E720D}
		{C1568FED-0CCE-45F3-AEC4-5643C762F3D5} = {20CD871D-18E8-4E66-BBED-0A9E76054441}
		{5FC14619-9F59-4363-B94A-608E3A65CAA8} = {EB9AE411-2975-452D-B953-C14FF2475823}
	EndGlobalSection
	GlobalSection(ExtensibilityGlobals) = postSolution
		SolutionGuid = {3C25F8F2-81A5-4EBA-BC93-2AFC31261121}
	EndGlobalSection
EndGlobal
