
Microsoft Visual Studio Solution File, Format Version 12.00
# Visual Studio Version 16
VisualStudioVersion = 16.0.28606.126
MinimumVisualStudioVersion = 10.0.40219.1
Project("{9A19103F-16F7-4668-BE54-9A1E7A4F7556}") = "CSVCleaner", "CSVCleaner\CSVCleaner.csproj", "{1A3C1E51-6A9F-4BCE-9885-9957BB3432D3}"
EndProject
Project("{2150E333-8FDC-42A3-9474-1A3956D46DE8}") = "Solution Items", "Solution Items", "{EB076FDB-470F-44D6-95DE-E96161B5AC43}"
	ProjectSection(SolutionItems) = preProject
		Data\AffirmativeCorpus_Full.csv = Data\AffirmativeCorpus_Full.csv
	EndProjectSection
EndProject
Project("{9A19103F-16F7-4668-BE54-9A1E7A4F7556}") = "AffirmativeClassifier.Web", "AffirmativeClassifier.Web\AffirmativeClassifier.Web.csproj", "{C8A70ED4-99EC-4EE5-BB48-D7C8D7D90FE3}"
EndProject
Global
	GlobalSection(SolutionConfigurationPlatforms) = preSolution
		Debug|Any CPU = Debug|Any CPU
		Release|Any CPU = Release|Any CPU
	EndGlobalSection
	GlobalSection(ProjectConfigurationPlatforms) = postSolution
		{1A3C1E51-6A9F-4BCE-9885-9957BB3432D3}.Debug|Any CPU.ActiveCfg = Debug|Any CPU
		{1A3C1E51-6A9F-4BCE-9885-9957BB3432D3}.Debug|Any CPU.Build.0 = Debug|Any CPU
		{1A3C1E51-6A9F-4BCE-9885-9957BB3432D3}.Release|Any CPU.ActiveCfg = Release|Any CPU
		{1A3C1E51-6A9F-4BCE-9885-9957BB3432D3}.Release|Any CPU.Build.0 = Release|Any CPU
		{C8A70ED4-99EC-4EE5-BB48-D7C8D7D90FE3}.Debug|Any CPU.ActiveCfg = Debug|Any CPU
		{C8A70ED4-99EC-4EE5-BB48-D7C8D7D90FE3}.Debug|Any CPU.Build.0 = Debug|Any CPU
		{C8A70ED4-99EC-4EE5-BB48-D7C8D7D90FE3}.Release|Any CPU.ActiveCfg = Release|Any CPU
		{C8A70ED4-99EC-4EE5-BB48-D7C8D7D90FE3}.Release|Any CPU.Build.0 = Release|Any CPU
	EndGlobalSection
	GlobalSection(SolutionProperties) = preSolution
		HideSolutionNode = FALSE
	EndGlobalSection
	GlobalSection(ExtensibilityGlobals) = postSolution
		SolutionGuid = {5914197B-2A76-440D-B346-02D8FA79C389}
	EndGlobalSection
EndGlobal
