
Microsoft Visual Studio Solution File, Format Version 12.00
# Visual Studio Version 17
VisualStudioVersion = 17.14.36603.0 d17.14
MinimumVisualStudioVersion = 10.0.40219.1
Project("{9A19103F-16F7-4668-BE54-9A1E7A4F7556}") = "ChutesAndLadders.Common", "ChutesAndLadders.Common\ChutesAndLadders.Common.csproj", "{509F91EC-DE2F-4FFC-AF2E-0BFBCF417AC4}"
EndProject
Project("{9A19103F-16F7-4668-BE54-9A1E7A4F7556}") = "ChutesAndLadders.GamePlay", "ChutesAndLadders.GamePlay\ChutesAndLadders.GamePlay.csproj", "{3AC0693D-617E-45DB-9EB3-92F10BAB86CB}"
EndProject
Project("{9A19103F-16F7-4668-BE54-9A1E7A4F7556}") = "Chute", "Chute\Chute.csproj", "{2B3459BB-A828-4EBF-AFEE-6CA4B608981E}"
EndProject
Project("{9A19103F-16F7-4668-BE54-9A1E7A4F7556}") = "ChutesAndLadders.Strategy.Greedy", "ChutesAndLadders.Strategy.Greedy\ChutesAndLadders.Strategy.Greedy.csproj", "{A24F4314-A60C-40EB-B131-5C687B5A31AD}"
EndProject
Project("{9A19103F-16F7-4668-BE54-9A1E7A4F7556}") = "ChutesAndLadders.Strategy.AgressivelyBad", "ChutesAndLadders.Strategy.AgressivelyBad\ChutesAndLadders.Strategy.AgressivelyBad.csproj", "{A515B094-2F00-49F4-B287-24FAAB14FD53}"
EndProject
Project("{9A19103F-16F7-4668-BE54-9A1E7A4F7556}") = "ChutesAndLadders.Strategy.Linear", "ChutesAndLadders.Strategy.Linear\ChutesAndLadders.Strategy.Linear.csproj", "{8F54F805-5F7A-4083-A066-2BBD5AA2B80A}"
EndProject
Project("{9A19103F-16F7-4668-BE54-9A1E7A4F7556}") = "ChutesAndLadders.Strategy.Rules", "ChutesAndLadders.Strategy.Rules\ChutesAndLadders.Strategy.Rules.csproj", "{A1E9EC6F-4D32-42DF-A2B4-12FFFE61DFFF}"
EndProject
Project("{9A19103F-16F7-4668-BE54-9A1E7A4F7556}") = "ChutesAndLadders.Strategy.TakeAllLadders", "ChutesAndLadders.Strategy.TakeAllLadders\ChutesAndLadders.Strategy.TakeAllLadders.csproj", "{B7AD01EB-67D1-4BA6-94D6-01F8F191DB0E}"
EndProject
Project("{9A19103F-16F7-4668-BE54-9A1E7A4F7556}") = "ChutesAndLadders.Strategy.GreedyRules", "ChutesAndLadders.Strategy.GreedyRules\ChutesAndLadders.Strategy.GreedyRules.csproj", "{153AAFCC-16D9-4245-BAA4-84143E1480DC}"
EndProject
Project("{9A19103F-16F7-4668-BE54-9A1E7A4F7556}") = "ChutesAndLadders.Strategy.Genetic", "ChutesAndLadders.Strategy.Genetic\ChutesAndLadders.Strategy.Genetic.csproj", "{F9A23B6E-FC6C-402D-B608-867FD022889E}"
EndProject
Project("{9A19103F-16F7-4668-BE54-9A1E7A4F7556}") = "ChutesAndLadders.Strategy.ShortestPath", "ChutesAndLadders.Strategy.ShortestPath\ChutesAndLadders.Strategy.ShortestPath.csproj", "{C4427F1C-DAAE-49A7-A63D-4B10350DB363}"
EndProject
Project("{2150E333-8FDC-42A3-9474-1A3956D46DE8}") = "LogicalStrategies", "LogicalStrategies", "{06B6AB56-6275-45F5-9F5E-90ECDAD9AFB1}"
EndProject
Project("{2150E333-8FDC-42A3-9474-1A3956D46DE8}") = "LearningStrategies", "LearningStrategies", "{A616DC6B-888D-4780-9831-29B7C3B52FE4}"
EndProject
Project("{2150E333-8FDC-42A3-9474-1A3956D46DE8}") = "OptimizationStrategies", "OptimizationStrategies", "{054ED0D4-5E10-47DD-B492-5A2AFDA815F6}"
EndProject
Project("{9A19103F-16F7-4668-BE54-9A1E7A4F7556}") = "ChutesAndLadders.Strategy.Random", "ChutesAndLadders.Strategy.Random\ChutesAndLadders.Strategy.Random.csproj", "{7CDEA867-5797-4DA4-B92E-93F84D444410}"
EndProject
Project("{2150E333-8FDC-42A3-9474-1A3956D46DE8}") = "Tools", "Tools", "{764A3C08-2274-4C1F-BD26-1F6544A574C4}"
EndProject
Project("{9A19103F-16F7-4668-BE54-9A1E7A4F7556}") = "ChutesAndLadders.Tools.ReplaceGuids", "ChutesAndLadders.Tools.ReplaceGuids\ChutesAndLadders.Tools.ReplaceGuids.csproj", "{F8494074-30BA-438D-A2DC-5C961CD0A71A}"
EndProject
Project("{9A19103F-16F7-4668-BE54-9A1E7A4F7556}") = "ChutesAndLadders.Demos", "ChutesAndLadders.Demos\ChutesAndLadders.Demos.csproj", "{E972BDF8-6DE1-4458-BB0C-76EA0EFB7AB0}"
EndProject
Project("{2150E333-8FDC-42A3-9474-1A3956D46DE8}") = "UI", "UI", "{4E320C2D-9521-41CD-896C-E00540902124}"
EndProject
Project("{2150E333-8FDC-42A3-9474-1A3956D46DE8}") = "CommonElements", "CommonElements", "{B8E41437-4045-4041-B1C7-F1A13635DB16}"
EndProject
Project("{2150E333-8FDC-42A3-9474-1A3956D46DE8}") = "Tests", "Tests", "{68A18B60-DB2E-47ED-B707-3722C41F748D}"
EndProject
Project("{FAE04EC0-301F-11D3-BF4B-00C04F79EFBC}") = "ChutesAndLadders.Strategy.Random.Test", "ChutesAndLadders.Strategy.Random.Test\ChutesAndLadders.Strategy.Random.Test.csproj", "{2529B565-B046-47B6-BE22-84928C2705C6}"
EndProject
Project("{FAE04EC0-301F-11D3-BF4B-00C04F79EFBC}") = "ChutesAndLadders.Common.Test", "ChutesAndLadders.Common.Test\ChutesAndLadders.Common.Test.csproj", "{06DC9250-6192-439D-941C-B326FEFB64E4}"
EndProject
Global
	GlobalSection(SolutionConfigurationPlatforms) = preSolution
		Debug|Any CPU = Debug|Any CPU
		Release|Any CPU = Release|Any CPU
	EndGlobalSection
	GlobalSection(ProjectConfigurationPlatforms) = postSolution
		{509F91EC-DE2F-4FFC-AF2E-0BFBCF417AC4}.Debug|Any CPU.ActiveCfg = Debug|Any CPU
		{509F91EC-DE2F-4FFC-AF2E-0BFBCF417AC4}.Debug|Any CPU.Build.0 = Debug|Any CPU
		{509F91EC-DE2F-4FFC-AF2E-0BFBCF417AC4}.Release|Any CPU.ActiveCfg = Release|Any CPU
		{509F91EC-DE2F-4FFC-AF2E-0BFBCF417AC4}.Release|Any CPU.Build.0 = Release|Any CPU
		{3AC0693D-617E-45DB-9EB3-92F10BAB86CB}.Debug|Any CPU.ActiveCfg = Debug|Any CPU
		{3AC0693D-617E-45DB-9EB3-92F10BAB86CB}.Debug|Any CPU.Build.0 = Debug|Any CPU
		{3AC0693D-617E-45DB-9EB3-92F10BAB86CB}.Release|Any CPU.ActiveCfg = Release|Any CPU
		{3AC0693D-617E-45DB-9EB3-92F10BAB86CB}.Release|Any CPU.Build.0 = Release|Any CPU
		{2B3459BB-A828-4EBF-AFEE-6CA4B608981E}.Debug|Any CPU.ActiveCfg = Debug|Any CPU
		{2B3459BB-A828-4EBF-AFEE-6CA4B608981E}.Debug|Any CPU.Build.0 = Debug|Any CPU
		{2B3459BB-A828-4EBF-AFEE-6CA4B608981E}.Release|Any CPU.ActiveCfg = Release|Any CPU
		{2B3459BB-A828-4EBF-AFEE-6CA4B608981E}.Release|Any CPU.Build.0 = Release|Any CPU
		{A24F4314-A60C-40EB-B131-5C687B5A31AD}.Debug|Any CPU.ActiveCfg = Debug|Any CPU
		{A24F4314-A60C-40EB-B131-5C687B5A31AD}.Debug|Any CPU.Build.0 = Debug|Any CPU
		{A24F4314-A60C-40EB-B131-5C687B5A31AD}.Release|Any CPU.ActiveCfg = Release|Any CPU
		{A24F4314-A60C-40EB-B131-5C687B5A31AD}.Release|Any CPU.Build.0 = Release|Any CPU
		{A515B094-2F00-49F4-B287-24FAAB14FD53}.Debug|Any CPU.ActiveCfg = Debug|Any CPU
		{A515B094-2F00-49F4-B287-24FAAB14FD53}.Debug|Any CPU.Build.0 = Debug|Any CPU
		{A515B094-2F00-49F4-B287-24FAAB14FD53}.Release|Any CPU.ActiveCfg = Release|Any CPU
		{A515B094-2F00-49F4-B287-24FAAB14FD53}.Release|Any CPU.Build.0 = Release|Any CPU
		{8F54F805-5F7A-4083-A066-2BBD5AA2B80A}.Debug|Any CPU.ActiveCfg = Debug|Any CPU
		{8F54F805-5F7A-4083-A066-2BBD5AA2B80A}.Debug|Any CPU.Build.0 = Debug|Any CPU
		{8F54F805-5F7A-4083-A066-2BBD5AA2B80A}.Release|Any CPU.ActiveCfg = Release|Any CPU
		{8F54F805-5F7A-4083-A066-2BBD5AA2B80A}.Release|Any CPU.Build.0 = Release|Any CPU
		{A1E9EC6F-4D32-42DF-A2B4-12FFFE61DFFF}.Debug|Any CPU.ActiveCfg = Debug|Any CPU
		{A1E9EC6F-4D32-42DF-A2B4-12FFFE61DFFF}.Debug|Any CPU.Build.0 = Debug|Any CPU
		{A1E9EC6F-4D32-42DF-A2B4-12FFFE61DFFF}.Release|Any CPU.ActiveCfg = Release|Any CPU
		{A1E9EC6F-4D32-42DF-A2B4-12FFFE61DFFF}.Release|Any CPU.Build.0 = Release|Any CPU
		{B7AD01EB-67D1-4BA6-94D6-01F8F191DB0E}.Debug|Any CPU.ActiveCfg = Debug|Any CPU
		{B7AD01EB-67D1-4BA6-94D6-01F8F191DB0E}.Debug|Any CPU.Build.0 = Debug|Any CPU
		{B7AD01EB-67D1-4BA6-94D6-01F8F191DB0E}.Release|Any CPU.ActiveCfg = Release|Any CPU
		{B7AD01EB-67D1-4BA6-94D6-01F8F191DB0E}.Release|Any CPU.Build.0 = Release|Any CPU
		{153AAFCC-16D9-4245-BAA4-84143E1480DC}.Debug|Any CPU.ActiveCfg = Debug|Any CPU
		{153AAFCC-16D9-4245-BAA4-84143E1480DC}.Debug|Any CPU.Build.0 = Debug|Any CPU
		{153AAFCC-16D9-4245-BAA4-84143E1480DC}.Release|Any CPU.ActiveCfg = Release|Any CPU
		{153AAFCC-16D9-4245-BAA4-84143E1480DC}.Release|Any CPU.Build.0 = Release|Any CPU
		{F9A23B6E-FC6C-402D-B608-867FD022889E}.Debug|Any CPU.ActiveCfg = Debug|Any CPU
		{F9A23B6E-FC6C-402D-B608-867FD022889E}.Debug|Any CPU.Build.0 = Debug|Any CPU
		{F9A23B6E-FC6C-402D-B608-867FD022889E}.Release|Any CPU.ActiveCfg = Release|Any CPU
		{F9A23B6E-FC6C-402D-B608-867FD022889E}.Release|Any CPU.Build.0 = Release|Any CPU
		{C4427F1C-DAAE-49A7-A63D-4B10350DB363}.Debug|Any CPU.ActiveCfg = Debug|Any CPU
		{C4427F1C-DAAE-49A7-A63D-4B10350DB363}.Debug|Any CPU.Build.0 = Debug|Any CPU
		{C4427F1C-DAAE-49A7-A63D-4B10350DB363}.Release|Any CPU.ActiveCfg = Release|Any CPU
		{C4427F1C-DAAE-49A7-A63D-4B10350DB363}.Release|Any CPU.Build.0 = Release|Any CPU
		{7CDEA867-5797-4DA4-B92E-93F84D444410}.Debug|Any CPU.ActiveCfg = Debug|Any CPU
		{7CDEA867-5797-4DA4-B92E-93F84D444410}.Debug|Any CPU.Build.0 = Debug|Any CPU
		{7CDEA867-5797-4DA4-B92E-93F84D444410}.Release|Any CPU.ActiveCfg = Release|Any CPU
		{7CDEA867-5797-4DA4-B92E-93F84D444410}.Release|Any CPU.Build.0 = Release|Any CPU
		{F8494074-30BA-438D-A2DC-5C961CD0A71A}.Debug|Any CPU.ActiveCfg = Debug|Any CPU
		{F8494074-30BA-438D-A2DC-5C961CD0A71A}.Debug|Any CPU.Build.0 = Debug|Any CPU
		{F8494074-30BA-438D-A2DC-5C961CD0A71A}.Release|Any CPU.ActiveCfg = Release|Any CPU
		{F8494074-30BA-438D-A2DC-5C961CD0A71A}.Release|Any CPU.Build.0 = Release|Any CPU
		{E972BDF8-6DE1-4458-BB0C-76EA0EFB7AB0}.Debug|Any CPU.ActiveCfg = Debug|Any CPU
		{E972BDF8-6DE1-4458-BB0C-76EA0EFB7AB0}.Debug|Any CPU.Build.0 = Debug|Any CPU
		{E972BDF8-6DE1-4458-BB0C-76EA0EFB7AB0}.Release|Any CPU.ActiveCfg = Release|Any CPU
		{E972BDF8-6DE1-4458-BB0C-76EA0EFB7AB0}.Release|Any CPU.Build.0 = Release|Any CPU
		{2529B565-B046-47B6-BE22-84928C2705C6}.Debug|Any CPU.ActiveCfg = Debug|Any CPU
		{2529B565-B046-47B6-BE22-84928C2705C6}.Debug|Any CPU.Build.0 = Debug|Any CPU
		{2529B565-B046-47B6-BE22-84928C2705C6}.Release|Any CPU.ActiveCfg = Release|Any CPU
		{2529B565-B046-47B6-BE22-84928C2705C6}.Release|Any CPU.Build.0 = Release|Any CPU
		{06DC9250-6192-439D-941C-B326FEFB64E4}.Debug|Any CPU.ActiveCfg = Debug|Any CPU
		{06DC9250-6192-439D-941C-B326FEFB64E4}.Debug|Any CPU.Build.0 = Debug|Any CPU
		{06DC9250-6192-439D-941C-B326FEFB64E4}.Release|Any CPU.ActiveCfg = Release|Any CPU
		{06DC9250-6192-439D-941C-B326FEFB64E4}.Release|Any CPU.Build.0 = Release|Any CPU
	EndGlobalSection
	GlobalSection(SolutionProperties) = preSolution
		HideSolutionNode = FALSE
	EndGlobalSection
	GlobalSection(NestedProjects) = preSolution
		{509F91EC-DE2F-4FFC-AF2E-0BFBCF417AC4} = {B8E41437-4045-4041-B1C7-F1A13635DB16}
		{3AC0693D-617E-45DB-9EB3-92F10BAB86CB} = {B8E41437-4045-4041-B1C7-F1A13635DB16}
		{2B3459BB-A828-4EBF-AFEE-6CA4B608981E} = {4E320C2D-9521-41CD-896C-E00540902124}
		{A24F4314-A60C-40EB-B131-5C687B5A31AD} = {06B6AB56-6275-45F5-9F5E-90ECDAD9AFB1}
		{A515B094-2F00-49F4-B287-24FAAB14FD53} = {06B6AB56-6275-45F5-9F5E-90ECDAD9AFB1}
		{8F54F805-5F7A-4083-A066-2BBD5AA2B80A} = {06B6AB56-6275-45F5-9F5E-90ECDAD9AFB1}
		{A1E9EC6F-4D32-42DF-A2B4-12FFFE61DFFF} = {06B6AB56-6275-45F5-9F5E-90ECDAD9AFB1}
		{B7AD01EB-67D1-4BA6-94D6-01F8F191DB0E} = {06B6AB56-6275-45F5-9F5E-90ECDAD9AFB1}
		{153AAFCC-16D9-4245-BAA4-84143E1480DC} = {06B6AB56-6275-45F5-9F5E-90ECDAD9AFB1}
		{F9A23B6E-FC6C-402D-B608-867FD022889E} = {A616DC6B-888D-4780-9831-29B7C3B52FE4}
		{C4427F1C-DAAE-49A7-A63D-4B10350DB363} = {054ED0D4-5E10-47DD-B492-5A2AFDA815F6}
		{7CDEA867-5797-4DA4-B92E-93F84D444410} = {06B6AB56-6275-45F5-9F5E-90ECDAD9AFB1}
		{F8494074-30BA-438D-A2DC-5C961CD0A71A} = {764A3C08-2274-4C1F-BD26-1F6544A574C4}
		{E972BDF8-6DE1-4458-BB0C-76EA0EFB7AB0} = {B8E41437-4045-4041-B1C7-F1A13635DB16}
		{2529B565-B046-47B6-BE22-84928C2705C6} = {68A18B60-DB2E-47ED-B707-3722C41F748D}
		{06DC9250-6192-439D-941C-B326FEFB64E4} = {68A18B60-DB2E-47ED-B707-3722C41F748D}
	EndGlobalSection
	GlobalSection(ExtensibilityGlobals) = postSolution
		SolutionGuid = {B2A4F840-6028-419D-8481-0F4900C59601}
	EndGlobalSection
EndGlobal
